
Microsoft Visual Studio Solution File, Format Version 12.00
# Visual Studio Version 17
VisualStudioVersion = 17.1.32421.90
MinimumVisualStudioVersion = 10.0.40219.1
Project("{FAE04EC0-301F-11D3-BF4B-00C04F79EFBC}") = "csharp-snacks-3", "csharp-snacks-3\csharp-snacks-3.csproj", "{2E3C65C2-C3FC-480F-AD6D-E8CF7BD068D1}"
EndProject
Global
	GlobalSection(SolutionConfigurationPlatforms) = preSolution
		Debug|Any CPU = Debug|Any CPU
		Release|Any CPU = Release|Any CPU
	EndGlobalSection
	GlobalSection(ProjectConfigurationPlatforms) = postSolution
		{2E3C65C2-C3FC-480F-AD6D-E8CF7BD068D1}.Debug|Any CPU.ActiveCfg = Debug|Any CPU
		{2E3C65C2-C3FC-480F-AD6D-E8CF7BD068D1}.Debug|Any CPU.Build.0 = Debug|Any CPU
		{2E3C65C2-C3FC-480F-AD6D-E8CF7BD068D1}.Release|Any CPU.ActiveCfg = Release|Any CPU
		{2E3C65C2-C3FC-480F-AD6D-E8CF7BD068D1}.Release|Any CPU.Build.0 = Release|Any CPU
	EndGlobalSection
	GlobalSection(SolutionProperties) = preSolution
		HideSolutionNode = FALSE
	EndGlobalSection
	GlobalSection(ExtensibilityGlobals) = postSolution
		SolutionGuid = {D4AA98C8-B266-406F-8011-1730580F95BC}
	EndGlobalSection
EndGlobal
